
Microsoft Visual Studio Solution File, Format Version 12.00
# Visual Studio Version 16
VisualStudioVersion = 16.0.29920.165
MinimumVisualStudioVersion = 10.0.40219.1
Project("{FAE04EC0-301F-11D3-BF4B-00C04F79EFBC}") = "MyWebApp", "MyWebApp.csproj", "{58FB7C72-65BA-4B31-B211-80CA7909CEEF}"
EndProject
Project("{FAE04EC0-301F-11D3-BF4B-00C04F79EFBC}") = "MyWebApp.Model", "..\MyWebApp.Model\MyWebApp.Model.csproj", "{6C6A10DC-708A-4AED-9DAF-FC3A364446CF}"
EndProject
Project("{FAE04EC0-301F-11D3-BF4B-00C04F79EFBC}") = "MyWebApp.SqlRepository", "..\MyWebApp.SqlRepository\MyWebApp.SqlRepository.csproj", "{35DB501B-C582-40D5-9B26-AA9BA13C81D8}"
EndProject
Global
	GlobalSection(SolutionConfigurationPlatforms) = preSolution
		Debug|Any CPU = Debug|Any CPU
		Release|Any CPU = Release|Any CPU
	EndGlobalSection
	GlobalSection(ProjectConfigurationPlatforms) = postSolution
		{58FB7C72-65BA-4B31-B211-80CA7909CEEF}.Debug|Any CPU.ActiveCfg = Debug|Any CPU
		{58FB7C72-65BA-4B31-B211-80CA7909CEEF}.Debug|Any CPU.Build.0 = Debug|Any CPU
		{58FB7C72-65BA-4B31-B211-80CA7909CEEF}.Release|Any CPU.ActiveCfg = Release|Any CPU
		{58FB7C72-65BA-4B31-B211-80CA7909CEEF}.Release|Any CPU.Build.0 = Release|Any CPU
		{6C6A10DC-708A-4AED-9DAF-FC3A364446CF}.Debug|Any CPU.ActiveCfg = Debug|Any CPU
		{6C6A10DC-708A-4AED-9DAF-FC3A364446CF}.Debug|Any CPU.Build.0 = Debug|Any CPU
		{6C6A10DC-708A-4AED-9DAF-FC3A364446CF}.Release|Any CPU.ActiveCfg = Release|Any CPU
		{6C6A10DC-708A-4AED-9DAF-FC3A364446CF}.Release|Any CPU.Build.0 = Release|Any CPU
		{35DB501B-C582-40D5-9B26-AA9BA13C81D8}.Debug|Any CPU.ActiveCfg = Debug|Any CPU
		{35DB501B-C582-40D5-9B26-AA9BA13C81D8}.Debug|Any CPU.Build.0 = Debug|Any CPU
		{35DB501B-C582-40D5-9B26-AA9BA13C81D8}.Release|Any CPU.ActiveCfg = Release|Any CPU
		{35DB501B-C582-40D5-9B26-AA9BA13C81D8}.Release|Any CPU.Build.0 = Release|Any CPU
	EndGlobalSection
	GlobalSection(SolutionProperties) = preSolution
		HideSolutionNode = FALSE
	EndGlobalSection
	GlobalSection(ExtensibilityGlobals) = postSolution
		SolutionGuid = {B7BA9341-06AA-4284-8CD1-B9E4C5B61985}
	EndGlobalSection
EndGlobal
